
Microsoft Visual Studio Solution File, Format Version 12.00
# Visual Studio Version 17
VisualStudioVersion = 17.0.31903.59
MinimumVisualStudioVersion = 10.0.40219.1
Project("{FAE04EC0-301F-11D3-BF4B-00C04F79EFBC}") = "Casting", "Casting\Casting.csproj", "{CCF6636A-69B7-4522-B425-731571D56B09}"
EndProject
Project("{FAE04EC0-301F-11D3-BF4B-00C04F79EFBC}") = "Casting.Tests", "Casting.Tests\Casting.Tests.csproj", "{E72E0CF1-DECB-47A9-B1BB-C85726912DA0}"
EndProject
Global
	GlobalSection(SolutionConfigurationPlatforms) = preSolution
		Debug|Any CPU = Debug|Any CPU
		Release|Any CPU = Release|Any CPU
	EndGlobalSection
	GlobalSection(ProjectConfigurationPlatforms) = postSolution
		{CCF6636A-69B7-4522-B425-731571D56B09}.Debug|Any CPU.ActiveCfg = Debug|Any CPU
		{CCF6636A-69B7-4522-B425-731571D56B09}.Debug|Any CPU.Build.0 = Debug|Any CPU
		{CCF6636A-69B7-4522-B425-731571D56B09}.Release|Any CPU.ActiveCfg = Release|Any CPU
		{CCF6636A-69B7-4522-B425-731571D56B09}.Release|Any CPU.Build.0 = Release|Any CPU
		{E72E0CF1-DECB-47A9-B1BB-C85726912DA0}.Debug|Any CPU.ActiveCfg = Debug|Any CPU
		{E72E0CF1-DECB-47A9-B1BB-C85726912DA0}.Debug|Any CPU.Build.0 = Debug|Any CPU
		{E72E0CF1-DECB-47A9-B1BB-C85726912DA0}.Release|Any CPU.ActiveCfg = Release|Any CPU
		{E72E0CF1-DECB-47A9-B1BB-C85726912DA0}.Release|Any CPU.Build.0 = Release|Any CPU
	EndGlobalSection
	GlobalSection(SolutionProperties) = preSolution
		HideSolutionNode = FALSE
	EndGlobalSection
	GlobalSection(ExtensibilityGlobals) = postSolution
		SolutionGuid = {A2B776B8-10CC-4F05-998D-D7CFEAF04856}
	EndGlobalSection
EndGlobal
